
Microsoft Visual Studio Solution File, Format Version 12.00
# Visual Studio Version 16
VisualStudioVersion = 16.0.32413.511
MinimumVisualStudioVersion = 10.0.40219.1
Project("{FAE04EC0-301F-11D3-BF4B-00C04F79EFBC}") = "ToDoList.Android", "ToDoList\ToDoList.Android\ToDoList.Android.csproj", "{FEB3F403-735B-44D7-89D5-FB0E7E97CB79}"
EndProject
Project("{FAE04EC0-301F-11D3-BF4B-00C04F79EFBC}") = "ToDoList", "ToDoList\ToDoList\ToDoList.csproj", "{96476815-478C-4027-B737-CD9EB26BF895}"
EndProject
Global
	GlobalSection(SolutionConfigurationPlatforms) = preSolution
		Debug|Any CPU = Debug|Any CPU
		Release|Any CPU = Release|Any CPU
	EndGlobalSection
	GlobalSection(ProjectConfigurationPlatforms) = postSolution
		{FEB3F403-735B-44D7-89D5-FB0E7E97CB79}.Debug|Any CPU.ActiveCfg = Debug|Any CPU
		{FEB3F403-735B-44D7-89D5-FB0E7E97CB79}.Debug|Any CPU.Build.0 = Debug|Any CPU
		{FEB3F403-735B-44D7-89D5-FB0E7E97CB79}.Debug|Any CPU.Deploy.0 = Debug|Any CPU
		{FEB3F403-735B-44D7-89D5-FB0E7E97CB79}.Release|Any CPU.ActiveCfg = Release|Any CPU
		{FEB3F403-735B-44D7-89D5-FB0E7E97CB79}.Release|Any CPU.Build.0 = Release|Any CPU
		{FEB3F403-735B-44D7-89D5-FB0E7E97CB79}.Release|Any CPU.Deploy.0 = Release|Any CPU
		{96476815-478C-4027-B737-CD9EB26BF895}.Debug|Any CPU.ActiveCfg = Debug|Any CPU
		{96476815-478C-4027-B737-CD9EB26BF895}.Debug|Any CPU.Build.0 = Debug|Any CPU
		{96476815-478C-4027-B737-CD9EB26BF895}.Debug|Any CPU.Deploy.0 = Debug|Any CPU
		{96476815-478C-4027-B737-CD9EB26BF895}.Release|Any CPU.ActiveCfg = Release|Any CPU
		{96476815-478C-4027-B737-CD9EB26BF895}.Release|Any CPU.Build.0 = Release|Any CPU
		{96476815-478C-4027-B737-CD9EB26BF895}.Release|Any CPU.Deploy.0 = Release|Any CPU
	EndGlobalSection
	GlobalSection(SolutionProperties) = preSolution
		HideSolutionNode = FALSE
	EndGlobalSection
	GlobalSection(ExtensibilityGlobals) = postSolution
		SolutionGuid = {00DF9C98-221C-4D2D-A851-B072252DB9A5}
	EndGlobalSection
EndGlobal
